// !$*UTF8*$!
{
	archiveVersion = 1;
	classes = {
	};
	objectVersion = 50;
	objects = {

/* Begin PBXBuildFile section */
		C268CD67237B27290010350C /* AppDelegate.swift in Sources */ = {isa = PBXBuildFile; fileRef = C268CD66237B27290010350C /* AppDelegate.swift */; };
		C268CD69237B27290010350C /* ViewController.swift in Sources */ = {isa = PBXBuildFile; fileRef = C268CD68237B27290010350C /* ViewController.swift */; };
		C268CD6C237B27290010350C /* Main.storyboard in Resources */ = {isa = PBXBuildFile; fileRef = C268CD6A237B27290010350C /* Main.storyboard */; };
		C268CD6E237B272C0010350C /* Assets.xcassets in Resources */ = {isa = PBXBuildFile; fileRef = C268CD6D237B272C0010350C /* Assets.xcassets */; };
		C268CD71237B272C0010350C /* LaunchScreen.storyboard in Resources */ = {isa = PBXBuildFile; fileRef = C268CD6F237B272C0010350C /* LaunchScreen.storyboard */; };
		C268CD7C237B272C0010350C /* PickADriverUITests.swift in Sources */ = {isa = PBXBuildFile; fileRef = C268CD7B237B272C0010350C /* PickADriverUITests.swift */; };
/* End PBXBuildFile section */

/* Begin PBXContainerItemProxy section */
		C268CD78237B272C0010350C /* PBXContainerItemProxy */ = {
			isa = PBXContainerItemProxy;
			containerPortal = C268CD5B237B27280010350C /* Project object */;
			proxyType = 1;
			remoteGlobalIDString = C268CD62237B27280010350C;
			remoteInfo = PickADriver;
		};
/* End PBXContainerItemProxy section */

/* Begin PBXFileReference section */
		C268CD63237B27290010350C /* PickADriver.app */ = {isa = PBXFileReference; explicitFileType = wrapper.application; includeInIndex = 0; path = PickADriver.app; sourceTree = BUILT_PRODUCTS_DIR; };
		C268CD66237B27290010350C /* AppDelegate.swift */ = {isa = PBXFileReference; lastKnownFileType = sourcecode.swift; path = AppDelegate.swift; sourceTree = "<group>"; };
		C268CD68237B27290010350C /* ViewController.swift */ = {isa = PBXFileReference; lastKnownFileType = sourcecode.swift; path = ViewController.swift; sourceTree = "<group>"; };
		C268CD6B237B27290010350C /* Base */ = {isa = PBXFileReference; lastKnownFileType = file.storyboard; name = Base; path = Base.lproj/Main.storyboard; sourceTree = "<group>"; };
		C268CD6D237B272C0010350C /* Assets.xcassets */ = {isa = PBXFileReference; lastKnownFileType = folder.assetcatalog; path = Assets.xcassets; sourceTree = "<group>"; };
		C268CD70237B272C0010350C /* Base */ = {isa = PBXFileReference; lastKnownFileType = file.storyboard; name = Base; path = Base.lproj/LaunchScreen.storyboard; sourceTree = "<group>"; };
		C268CD72237B272C0010350C /* Info.plist */ = {isa = PBXFileReference; lastKnownFileType = text.plist.xml; path = Info.plist; sourceTree = "<group>"; };
		C268CD77237B272C0010350C /* PickADriverUITests.xctest */ = {isa = PBXFileReference; explicitFileType = wrapper.cfbundle; includeInIndex = 0; path = PickADriverUITests.xctest; sourceTree = BUILT_PRODUCTS_DIR; };
		C268CD7B237B272C0010350C /* PickADriverUITests.swift */ = {isa = PBXFileReference; lastKnownFileType = sourcecode.swift; path = PickADriverUITests.swift; sourceTree = "<group>"; };
		C268CD7D237B272C0010350C /* Info.plist */ = {isa = PBXFileReference; lastKnownFileType = text.plist.xml; path = Info.plist; sourceTree = "<group>"; };
/* End PBXFileReference section */

/* Begin PBXFrameworksBuildPhase section */
		C268CD60237B27280010350C /* Frameworks */ = {
			isa = PBXFrameworksBuildPhase;
			buildActionMask = 2147483647;
			files = (
			);
			runOnlyForDeploymentPostprocessing = 0;
		};
		C268CD74237B272C0010350C /* Frameworks */ = {
			isa = PBXFrameworksBuildPhase;
			buildActionMask = 2147483647;
			files = (
			);
			runOnlyForDeploymentPostprocessing = 0;
		};
/* End PBXFrameworksBuildPhase section */

/* Begin PBXGroup section */
		C268CD5A237B27280010350C = {
			isa = PBXGroup;
			children = (
				C268CD65237B27290010350C /* PickADriver */,
				C268CD7A237B272C0010350C /* PickADriverUITests */,
				C268CD64237B27290010350C /* Products */,
			);
			sourceTree = "<group>";
		};
		C268CD64237B27290010350C /* Products */ = {
			isa = PBXGroup;
			children = (
				C268CD63237B27290010350C /* PickADriver.app */,
				C268CD77237B272C0010350C /* PickADriverUITests.xctest */,
			);
			name = Products;
			sourceTree = "<group>";
		};
		C268CD65237B27290010350C /* PickADriver */ = {
			isa = PBXGroup;
			children = (
				C268CD66237B27290010350C /* AppDelegate.swift */,
				C268CD68237B27290010350C /* ViewController.swift */,
				C268CD6A237B27290010350C /* Main.storyboard */,
				C268CD6D237B272C0010350C /* Assets.xcassets */,
				C268CD6F237B272C0010350C /* LaunchScreen.storyboard */,
				C268CD72237B272C0010350C /* Info.plist */,
			);
			path = PickADriver;
			sourceTree = "<group>";
		};
		C268CD7A237B272C0010350C /* PickADriverUITests */ = {
			isa = PBXGroup;
			children = (
				C268CD7B237B272C0010350C /* PickADriverUITests.swift */,
				C268CD7D237B272C0010350C /* Info.plist */,
			);
			path = PickADriverUITests;
			sourceTree = "<group>";
		};
/* End PBXGroup section */

/* Begin PBXNativeTarget section */
		C268CD62237B27280010350C /* PickADriver */ = {
			isa = PBXNativeTarget;
			buildConfigurationList = C268CD80237B272C0010350C /* Build configuration list for PBXNativeTarget "PickADriver" */;
			buildPhases = (
				C268CD5F237B27280010350C /* Sources */,
				C268CD60237B27280010350C /* Frameworks */,
				C268CD61237B27280010350C /* Resources */,
			);
			buildRules = (
			);
			dependencies = (
			);
			name = PickADriver;
			productName = PickADriver;
			productReference = C268CD63237B27290010350C /* PickADriver.app */;
			productType = "com.apple.product-type.application";
		};
		C268CD76237B272C0010350C /* PickADriverUITests */ = {
			isa = PBXNativeTarget;
			buildConfigurationList = C268CD83237B272C0010350C /* Build configuration list for PBXNativeTarget "PickADriverUITests" */;
			buildPhases = (
				C268CD73237B272C0010350C /* Sources */,
				C268CD74237B272C0010350C /* Frameworks */,
				C268CD75237B272C0010350C /* Resources */,
			);
			buildRules = (
			);
			dependencies = (
				C268CD79237B272C0010350C /* PBXTargetDependency */,
			);
			name = PickADriverUITests;
			productName = PickADriverUITests;
			productReference = C268CD77237B272C0010350C /* PickADriverUITests.xctest */;
			productType = "com.apple.product-type.bundle.ui-testing";
		};
/* End PBXNativeTarget section */

/* Begin PBXProject section */
		C268CD5B237B27280010350C /* Project object */ = {
			isa = PBXProject;
			attributes = {
				LastSwiftUpdateCheck = 1030;
				LastUpgradeCheck = 1030;
				ORGANIZATIONNAME = "Gerardo Carranza";
				TargetAttributes = {
					C268CD62237B27280010350C = {
						CreatedOnToolsVersion = 10.3;
					};
					C268CD76237B272C0010350C = {
						CreatedOnToolsVersion = 10.3;
						TestTargetID = C268CD62237B27280010350C;
					};
				};
			};
			buildConfigurationList = C268CD5E237B27280010350C /* Build configuration list for PBXProject "PickADriver" */;
			compatibilityVersion = "Xcode 9.3";
			developmentRegion = en;
			hasScannedForEncodings = 0;
			knownRegions = (
				en,
				Base,
			);
			mainGroup = C268CD5A237B27280010350C;
			productRefGroup = C268CD64237B27290010350C /* Products */;
			projectDirPath = "";
			projectRoot = "";
			targets = (
				C268CD62237B27280010350C /* PickADriver */,
				C268CD76237B272C0010350C /* PickADriverUITests */,
			);
		};
/* End PBXProject section */

/* Begin PBXResourcesBuildPhase section */
		C268CD61237B27280010350C /* Resources */ = {
			isa = PBXResourcesBuildPhase;
			buildActionMask = 2147483647;
			files = (
				C268CD71237B272C0010350C /* LaunchScreen.storyboard in Resources */,
				C268CD6E237B272C0010350C /* Assets.xcassets in Resources */,
				C268CD6C237B27290010350C /* Main.storyboard in Resources */,
			);
			runOnlyForDeploymentPostprocessing = 0;
		};
		C268CD75237B272C0010350C /* Resources */ = {
			isa = PBXResourcesBuildPhase;
			buildActionMask = 2147483647;
			files = (
			);
			runOnlyForDeploymentPostprocessing = 0;
		};
/* End PBXResourcesBuildPhase section */

/* Begin PBXSourcesBuildPhase section */
		C268CD5F237B27280010350C /* Sources */ = {
			isa = PBXSourcesBuildPhase;
			buildActionMask = 2147483647;
			files = (
				C268CD69237B27290010350C /* ViewController.swift in Sources */,
				C268CD67237B27290010350C /* AppDelegate.swift in Sources */,
			);
			runOnlyForDeploymentPostprocessing = 0;
		};
		C268CD73237B272C0010350C /* Sources */ = {
			isa = PBXSourcesBuildPhase;
			buildActionMask = 2147483647;
			files = (
				C268CD7C237B272C0010350C /* PickADriverUITests.swift in Sources */,
			);
			runOnlyForDeploymentPostprocessing = 0;
		};
/* End PBXSourcesBuildPhase section */

/* Begin PBXTargetDependency section */
		C268CD79237B272C0010350C /* PBXTargetDependency */ = {
			isa = PBXTargetDependency;
			target = C268CD62237B27280010350C /* PickADriver */;
			targetProxy = C268CD78237B272C0010350C /* PBXContainerItemProxy */;
		};
/* End PBXTargetDependency section */

/* Begin PBXVariantGroup section */
		C268CD6A237B27290010350C /* Main.storyboard */ = {
			isa = PBXVariantGroup;
			children = (
				C268CD6B237B27290010350C /* Base */,
			);
			name = Main.storyboard;
			sourceTree = "<group>";
		};
		C268CD6F237B272C0010350C /* LaunchScreen.storyboard */ = {
			isa = PBXVariantGroup;
			children = (
				C268CD70237B272C0010350C /* Base */,
			);
			name = LaunchScreen.storyboard;
			sourceTree = "<group>";
		};
/* End PBXVariantGroup section */

/* Begin XCBuildConfiguration section */
		C268CD7E237B272C0010350C /* Debug */ = {
			isa = XCBuildConfiguration;
			buildSettings = {
				ALWAYS_SEARCH_USER_PATHS = NO;
				CLANG_ANALYZER_NONNULL = YES;
				CLANG_ANALYZER_NUMBER_OBJECT_CONVERSION = YES_AGGRESSIVE;
				CLANG_CXX_LANGUAGE_STANDARD = "gnu++14";
				CLANG_CXX_LIBRARY = "libc++";
				CLANG_ENABLE_MODULES = YES;
				CLANG_ENABLE_OBJC_ARC = YES;
				CLANG_ENABLE_OBJC_WEAK = YES;
				CLANG_WARN_BLOCK_CAPTURE_AUTORELEASING = YES;
				CLANG_WARN_BOOL_CONVERSION = YES;
				CLANG_WARN_COMMA = YES;
				CLANG_WARN_CONSTANT_CONVERSION = YES;
				CLANG_WARN_DEPRECATED_OBJC_IMPLEMENTATIONS = YES;
				CLANG_WARN_DIRECT_OBJC_ISA_USAGE = YES_ERROR;
				CLANG_WARN_DOCUMENTATION_COMMENTS = YES;
				CLANG_WARN_EMPTY_BODY = YES;
				CLANG_WARN_ENUM_CONVERSION = YES;
				CLANG_WARN_INFINITE_RECURSION = YES;
				CLANG_WARN_INT_CONVERSION = YES;
				CLANG_WARN_NON_LITERAL_NULL_CONVERSION = YES;
				CLANG_WARN_OBJC_IMPLICIT_RETAIN_SELF = YES;
				CLANG_WARN_OBJC_LITERAL_CONVERSION = YES;
				CLANG_WARN_OBJC_ROOT_CLASS = YES_ERROR;
				CLANG_WARN_RANGE_LOOP_ANALYSIS = YES;
				CLANG_WARN_STRICT_PROTOTYPES = YES;
				CLANG_WARN_SUSPICIOUS_MOVE = YES;
				CLANG_WARN_UNGUARDED_AVAILABILITY = YES_AGGRESSIVE;
				CLANG_WARN_UNREACHABLE_CODE = YES;
				CLANG_WARN__DUPLICATE_METHOD_MATCH = YES;
				CODE_SIGN_IDENTITY = "iPhone Developer";
				COPY_PHASE_STRIP = NO;
				DEBUG_INFORMATION_FORMAT = dwarf;
				ENABLE_STRICT_OBJC_MSGSEND = YES;
				ENABLE_TESTABILITY = YES;
				GCC_C_LANGUAGE_STANDARD = gnu11;
				GCC_DYNAMIC_NO_PIC = NO;
				GCC_NO_COMMON_BLOCKS = YES;
				GCC_OPTIMIZATION_LEVEL = 0;
				GCC_PREPROCESSOR_DEFINITIONS = (
					"DEBUG=1",
					"$(inherited)",
				);
				GCC_WARN_64_TO_32_BIT_CONVERSION = YES;
				GCC_WARN_ABOUT_RETURN_TYPE = YES_ERROR;
				GCC_WARN_UNDECLARED_SELECTOR = YES;
				GCC_WARN_UNINITIALIZED_AUTOS = YES_AGGRESSIVE;
				GCC_WARN_UNUSED_FUNCTION = YES;
				GCC_WARN_UNUSED_VARIABLE = YES;
				IPHONEOS_DEPLOYMENT_TARGET = 12.4;
				MTL_ENABLE_DEBUG_INFO = INCLUDE_SOURCE;
				MTL_FAST_MATH = YES;
				ONLY_ACTIVE_ARCH = YES;
				SDKROOT = iphoneos;
				SWIFT_ACTIVE_COMPILATION_CONDITIONS = DEBUG;
				SWIFT_OPTIMIZATION_LEVEL = "-Onone";
			};
			name = Debug;
		};
		C268CD7F237B272C0010350C /* Release */ = {
			isa = XCBuildConfiguration;
			buildSettings = {
				ALWAYS_SEARCH_USER_PATHS = NO;
				CLANG_ANALYZER_NONNULL = YES;
				CLANG_ANALYZER_NUMBER_OBJECT_CONVERSION = YES_AGGRESSIVE;
				CLANG_CXX_LANGUAGE_STANDARD = "gnu++14";
				CLANG_CXX_LIBRARY = "libc++";
				CLANG_ENABLE_MODULES = YES;
				CLANG_ENABLE_OBJC_ARC = YES;
				CLANG_ENABLE_OBJC_WEAK = YES;
				CLANG_WARN_BLOCK_CAPTURE_AUTORELEASING = YES;
				CLANG_WARN_BOOL_CONVERSION = YES;
				CLANG_WARN_COMMA = YES;
				CLANG_WARN_CONSTANT_CONVERSION = YES;
				CLANG_WARN_DEPRECATED_OBJC_IMPLEMENTATIONS = YES;
				CLANG_WARN_DIRECT_OBJC_ISA_USAGE = YES_ERROR;
				CLANG_WARN_DOCUMENTATION_COMMENTS = YES;
				CLANG_WARN_EMPTY_BODY = YES;
				CLANG_WARN_ENUM_CONVERSION = YES;
				CLANG_WARN_INFINITE_RECURSION = YES;
				CLANG_WARN_INT_CONVERSION = YES;
				CLANG_WARN_NON_LITERAL_NULL_CONVERSION = YES;
				CLANG_WARN_OBJC_IMPLICIT_RETAIN_SELF = YES;
				CLANG_WARN_OBJC_LITERAL_CONVERSION = YES;
				CLANG_WARN_OBJC_ROOT_CLASS = YES_ERROR;
				CLANG_WARN_RANGE_LOOP_ANALYSIS = YES;
				CLANG_WARN_STRICT_PROTOTYPES = YES;
				CLANG_WARN_SUSPICIOUS_MOVE = YES;
				CLANG_WARN_UNGUARDED_AVAILABILITY = YES_AGGRESSIVE;
				CLANG_WARN_UNREACHABLE_CODE = YES;
				CLANG_WARN__DUPLICATE_METHOD_MATCH = YES;
				CODE_SIGN_IDENTITY = "iPhone Developer";
				COPY_PHASE_STRIP = NO;
				DEBUG_INFORMATION_FORMAT = "dwarf-with-dsym";
				ENABLE_NS_ASSERTIONS = NO;
				ENABLE_STRICT_OBJC_MSGSEND = YES;
				GCC_C_LANGUAGE_STANDARD = gnu11;
				GCC_NO_COMMON_BLOCKS = YES;
				GCC_WARN_64_TO_32_BIT_CONVERSION = YES;
				GCC_WARN_ABOUT_RETURN_TYPE = YES_ERROR;
				GCC_WARN_UNDECLARED_SELECTOR = YES;
				GCC_WARN_UNINITIALIZED_AUTOS = YES_AGGRESSIVE;
				GCC_WARN_UNUSED_FUNCTION = YES;
				GCC_WARN_UNUSED_VARIABLE = YES;
				IPHONEOS_DEPLOYMENT_TARGET = 12.4;
				MTL_ENABLE_DEBUG_INFO = NO;
				MTL_FAST_MATH = YES;
				SDKROOT = iphoneos;
				SWIFT_COMPILATION_MODE = wholemodule;
				SWIFT_OPTIMIZATION_LEVEL = "-O";
				VALIDATE_PRODUCT = YES;
			};
			name = Release;
		};
		C268CD81237B272C0010350C /* Debug */ = {
			isa = XCBuildConfiguration;
			buildSettings = {
				ASSETCATALOG_COMPILER_APPICON_NAME = AppIcon;
				CODE_SIGN_STYLE = Automatic;
				DEVELOPMENT_TEAM = UGNL7AFX42;
				INFOPLIST_FILE = PickADriver/Info.plist;
				LD_RUNPATH_SEARCH_PATHS = (
					"$(inherited)",
					"@executable_path/Frameworks",
				);
				PRODUCT_BUNDLE_IDENTIFIER = "Gerardo-Carranza.PickADriver";
				PRODUCT_NAME = "$(TARGET_NAME)";
				SWIFT_VERSION = 5.0;
				TARGETED_DEVICE_FAMILY = "1,2";
			};
			name = Debug;
		};
		C268CD82237B272C0010350C /* Release */ = {
			isa = XCBuildConfiguration;
			buildSettings = {
				ASSETCATALOG_COMPILER_APPICON_NAME = AppIcon;
				CODE_SIGN_STYLE = Automatic;
				DEVELOPMENT_TEAM = UGNL7AFX42;
				INFOPLIST_FILE = PickADriver/Info.plist;
				LD_RUNPATH_SEARCH_PATHS = (
					"$(inherited)",
					"@executable_path/Frameworks",
				);
				PRODUCT_BUNDLE_IDENTIFIER = "Gerardo-Carranza.PickADriver";
				PRODUCT_NAME = "$(TARGET_NAME)";
				SWIFT_VERSION = 5.0;
				TARGETED_DEVICE_FAMILY = "1,2";
			};
			name = Release;
		};
		C268CD84237B272C0010350C /* Debug */ = {
			isa = XCBuildConfiguration;
			buildSettings = {
				ALWAYS_EMBED_SWIFT_STANDARD_LIBRARIES = YES;
				CODE_SIGN_STYLE = Automatic;
				DEVELOPMENT_TEAM = UGNL7AFX42;
				INFOPLIST_FILE = PickADriverUITests/Info.plist;
				LD_RUNPATH_SEARCH_PATHS = (
					"$(inherited)",
					"@executable_path/Frameworks",
					"@loader_path/Frameworks",
				);
				PRODUCT_BUNDLE_IDENTIFIER = "Gerardo-Carranza.PickADriverUITests";
				PRODUCT_NAME = "$(TARGET_NAME)";
				SWIFT_VERSION = 5.0;
				TARGETED_DEVICE_FAMILY = "1,2";
				TEST_TARGET_NAME = PickADriver;
			};
			name = Debug;
		};
		C268CD85237B272C0010350C /* Release */ = {
			isa = XCBuildConfiguration;
			buildSettings = {
				ALWAYS_EMBED_SWIFT_STANDARD_LIBRARIES = YES;
				CODE_SIGN_STYLE = Automatic;
				DEVELOPMENT_TEAM = UGNL7AFX42;
				INFOPLIST_FILE = PickADriverUITests/Info.plist;
				LD_RUNPATH_SEARCH_PATHS = (
					"$(inherited)",
					"@executable_path/Frameworks",
					"@loader_path/Frameworks",
				);
				PRODUCT_BUNDLE_IDENTIFIER = "Gerardo-Carranza.PickADriverUITests";
				PRODUCT_NAME = "$(TARGET_NAME)";
				SWIFT_VERSION = 5.0;
				TARGETED_DEVICE_FAMILY = "1,2";
				TEST_TARGET_NAME = PickADriver;
			};
			name = Release;
		};
/* End XCBuildConfiguration section */

/* Begin XCConfigurationList section */
		C268CD5E237B27280010350C /* Build configuration list for PBXProject "PickADriver" */ = {
			isa = XCConfigurationList;
			buildConfigurations = (
				C268CD7E237B272C0010350C /* Debug */,
				C268CD7F237B272C0010350C /* Release */,
			);
			defaultConfigurationIsVisible = 0;
			defaultConfigurationName = Release;
		};
		C268CD80237B272C0010350C /* Build configuration list for PBXNativeTarget "PickADriver" */ = {
			isa = XCConfigurationList;
			buildConfigurations = (
				C268CD81237B272C0010350C /* Debug */,
				C268CD82237B272C0010350C /* Release */,
			);
			defaultConfigurationIsVisible = 0;
			defaultConfigurationName = Release;
		};
		C268CD83237B272C0010350C /* Build configuration list for PBXNativeTarget "PickADriverUITests" */ = {
			isa = XCConfigurationList;
			buildConfigurations = (
				C268CD84237B272C0010350C /* Debug */,
				C268CD85237B272C0010350C /* Release */,
			);
			defaultConfigurationIsVisible = 0;
			defaultConfigurationName = Release;
		};
/* End XCConfigurationList section */
	};
	rootObject = C268CD5B237B27280010350C /* Project object */;
}
